// !$*UTF8*$!
{
	archiveVersion = 1;
	classes = {
	};
	objectVersion = 50;
	objects = {

/* Begin PBXBuildFile section */
		41D3CE682373CE560011BC5A /* Philosopher.swift in Sources */ = {isa = PBXBuildFile; fileRef = 41D3CE672373CE560011BC5A /* Philosopher.swift */; };
		41FA556B2371E0D00015B527 /* AppDelegate.swift in Sources */ = {isa = PBXBuildFile; fileRef = 41FA556A2371E0D00015B527 /* AppDelegate.swift */; };
		41FA556D2371E0D00015B527 /* ViewController.swift in Sources */ = {isa = PBXBuildFile; fileRef = 41FA556C2371E0D00015B527 /* ViewController.swift */; };
		41FA556F2371E0D20015B527 /* Assets.xcassets in Resources */ = {isa = PBXBuildFile; fileRef = 41FA556E2371E0D20015B527 /* Assets.xcassets */; };
		41FA55722371E0D20015B527 /* Main.storyboard in Resources */ = {isa = PBXBuildFile; fileRef = 41FA55702371E0D20015B527 /* Main.storyboard */; };
		41FA557E2371E0D20015B527 /* PhilosophersTests.swift in Sources */ = {isa = PBXBuildFile; fileRef = 41FA557D2371E0D20015B527 /* PhilosophersTests.swift */; };
/* End PBXBuildFile section */

/* Begin PBXContainerItemProxy section */
		41FA557A2371E0D20015B527 /* PBXContainerItemProxy */ = {
			isa = PBXContainerItemProxy;
			containerPortal = 41FA555F2371E0D00015B527 /* Project object */;
			proxyType = 1;
			remoteGlobalIDString = 41FA55662371E0D00015B527;
			remoteInfo = Philosophers;
		};
/* End PBXContainerItemProxy section */

/* Begin PBXFileReference section */
		41D3CE672373CE560011BC5A /* Philosopher.swift */ = {isa = PBXFileReference; lastKnownFileType = sourcecode.swift; path = Philosopher.swift; sourceTree = "<group>"; };
		41FA55672371E0D00015B527 /* Philosophers.app */ = {isa = PBXFileReference; explicitFileType = wrapper.application; includeInIndex = 0; path = Philosophers.app; sourceTree = BUILT_PRODUCTS_DIR; };
		41FA556A2371E0D00015B527 /* AppDelegate.swift */ = {isa = PBXFileReference; lastKnownFileType = sourcecode.swift; path = AppDelegate.swift; sourceTree = "<group>"; };
		41FA556C2371E0D00015B527 /* ViewController.swift */ = {isa = PBXFileReference; lastKnownFileType = sourcecode.swift; path = ViewController.swift; sourceTree = "<group>"; };
		41FA556E2371E0D20015B527 /* Assets.xcassets */ = {isa = PBXFileReference; lastKnownFileType = folder.assetcatalog; path = Assets.xcassets; sourceTree = "<group>"; };
		41FA55712371E0D20015B527 /* Base */ = {isa = PBXFileReference; lastKnownFileType = file.storyboard; name = Base; path = Base.lproj/Main.storyboard; sourceTree = "<group>"; };
		41FA55732371E0D20015B527 /* Info.plist */ = {isa = PBXFileReference; lastKnownFileType = text.plist.xml; path = Info.plist; sourceTree = "<group>"; };
		41FA55742371E0D20015B527 /* Philosophers.entitlements */ = {isa = PBXFileReference; lastKnownFileType = text.plist.entitlements; path = Philosophers.entitlements; sourceTree = "<group>"; };
		41FA55792371E0D20015B527 /* PhilosophersTests.xctest */ = {isa = PBXFileReference; explicitFileType = wrapper.cfbundle; includeInIndex = 0; path = PhilosophersTests.xctest; sourceTree = BUILT_PRODUCTS_DIR; };
		41FA557D2371E0D20015B527 /* PhilosophersTests.swift */ = {isa = PBXFileReference; lastKnownFileType = sourcecode.swift; path = PhilosophersTests.swift; sourceTree = "<group>"; };
		41FA557F2371E0D20015B527 /* Info.plist */ = {isa = PBXFileReference; lastKnownFileType = text.plist.xml; path = Info.plist; sourceTree = "<group>"; };
/* End PBXFileReference section */

/* Begin PBXFrameworksBuildPhase section */
		41FA55642371E0D00015B527 /* Frameworks */ = {
			isa = PBXFrameworksBuildPhase;
			buildActionMask = 2147483647;
			files = (
			);
			runOnlyForDeploymentPostprocessing = 0;
		};
		41FA55762371E0D20015B527 /* Frameworks */ = {
			isa = PBXFrameworksBuildPhase;
			buildActionMask = 2147483647;
			files = (
			);
			runOnlyForDeploymentPostprocessing = 0;
		};
/* End PBXFrameworksBuildPhase section */

/* Begin PBXGroup section */
		41FA555E2371E0D00015B527 = {
			isa = PBXGroup;
			children = (
				41FA55692371E0D00015B527 /* Philosophers */,
				41FA557C2371E0D20015B527 /* PhilosophersTests */,
				41FA55682371E0D00015B527 /* Products */,
			);
			sourceTree = "<group>";
		};
		41FA55682371E0D00015B527 /* Products */ = {
			isa = PBXGroup;
			children = (
				41FA55672371E0D00015B527 /* Philosophers.app */,
				41FA55792371E0D20015B527 /* PhilosophersTests.xctest */,
			);
			name = Products;
			sourceTree = "<group>";
		};
		41FA55692371E0D00015B527 /* Philosophers */ = {
			isa = PBXGroup;
			children = (
				41FA556A2371E0D00015B527 /* AppDelegate.swift */,
				41D3CE672373CE560011BC5A /* Philosopher.swift */,
				41FA556C2371E0D00015B527 /* ViewController.swift */,
				41FA556E2371E0D20015B527 /* Assets.xcassets */,
				41FA55702371E0D20015B527 /* Main.storyboard */,
				41FA55732371E0D20015B527 /* Info.plist */,
				41FA55742371E0D20015B527 /* Philosophers.entitlements */,
			);
			path = Philosophers;
			sourceTree = "<group>";
		};
		41FA557C2371E0D20015B527 /* PhilosophersTests */ = {
			isa = PBXGroup;
			children = (
				41FA557D2371E0D20015B527 /* PhilosophersTests.swift */,
				41FA557F2371E0D20015B527 /* Info.plist */,
			);
			path = PhilosophersTests;
			sourceTree = "<group>";
		};
/* End PBXGroup section */

/* Begin PBXNativeTarget section */
		41FA55662371E0D00015B527 /* Philosophers */ = {
			isa = PBXNativeTarget;
			buildConfigurationList = 41FA55822371E0D20015B527 /* Build configuration list for PBXNativeTarget "Philosophers" */;
			buildPhases = (
				41FA55632371E0D00015B527 /* Sources */,
				41FA55642371E0D00015B527 /* Frameworks */,
				41FA55652371E0D00015B527 /* Resources */,
			);
			buildRules = (
			);
			dependencies = (
			);
			name = Philosophers;
			productName = Philosophers;
			productReference = 41FA55672371E0D00015B527 /* Philosophers.app */;
			productType = "com.apple.product-type.application";
		};
		41FA55782371E0D20015B527 /* PhilosophersTests */ = {
			isa = PBXNativeTarget;
			buildConfigurationList = 41FA55852371E0D20015B527 /* Build configuration list for PBXNativeTarget "PhilosophersTests" */;
			buildPhases = (
				41FA55752371E0D20015B527 /* Sources */,
				41FA55762371E0D20015B527 /* Frameworks */,
				41FA55772371E0D20015B527 /* Resources */,
			);
			buildRules = (
			);
			dependencies = (
				41FA557B2371E0D20015B527 /* PBXTargetDependency */,
			);
			name = PhilosophersTests;
			productName = PhilosophersTests;
			productReference = 41FA55792371E0D20015B527 /* PhilosophersTests.xctest */;
			productType = "com.apple.product-type.bundle.unit-test";
		};
/* End PBXNativeTarget section */

/* Begin PBXProject section */
		41FA555F2371E0D00015B527 /* Project object */ = {
			isa = PBXProject;
			attributes = {
				LastSwiftUpdateCheck = 1000;
				LastUpgradeCheck = 1000;
				ORGANIZATIONNAME = Andres;
				TargetAttributes = {
					41FA55662371E0D00015B527 = {
						CreatedOnToolsVersion = 10.0;
					};
					41FA55782371E0D20015B527 = {
						CreatedOnToolsVersion = 10.0;
						TestTargetID = 41FA55662371E0D00015B527;
					};
				};
			};
			buildConfigurationList = 41FA55622371E0D00015B527 /* Build configuration list for PBXProject "Philosophers" */;
			compatibilityVersion = "Xcode 9.3";
			developmentRegion = en;
			hasScannedForEncodings = 0;
			knownRegions = (
				en,
				Base,
			);
			mainGroup = 41FA555E2371E0D00015B527;
			productRefGroup = 41FA55682371E0D00015B527 /* Products */;
			projectDirPath = "";
			projectRoot = "";
			targets = (
				41FA55662371E0D00015B527 /* Philosophers */,
				41FA55782371E0D20015B527 /* PhilosophersTests */,
			);
		};
/* End PBXProject section */

/* Begin PBXResourcesBuildPhase section */
		41FA55652371E0D00015B527 /* Resources */ = {
			isa = PBXResourcesBuildPhase;
			buildActionMask = 2147483647;
			files = (
				41FA556F2371E0D20015B527 /* Assets.xcassets in Resources */,
				41FA55722371E0D20015B527 /* Main.storyboard in Resources */,
			);
			runOnlyForDeploymentPostprocessing = 0;
		};
		41FA55772371E0D20015B527 /* Resources */ = {
			isa = PBXResourcesBuildPhase;
			buildActionMask = 2147483647;
			files = (
			);
			runOnlyForDeploymentPostprocessing = 0;
		};
/* End PBXResourcesBuildPhase section */

/* Begin PBXSourcesBuildPhase section */
		41FA55632371E0D00015B527 /* Sources */ = {
			isa = PBXSourcesBuildPhase;
			buildActionMask = 2147483647;
			files = (
				41FA556D2371E0D00015B527 /* ViewController.swift in Sources */,
				41D3CE682373CE560011BC5A /* Philosopher.swift in Sources */,
				41FA556B2371E0D00015B527 /* AppDelegate.swift in Sources */,
			);
			runOnlyForDeploymentPostprocessing = 0;
		};
		41FA55752371E0D20015B527 /* Sources */ = {
			isa = PBXSourcesBuildPhase;
			buildActionMask = 2147483647;
			files = (
				41FA557E2371E0D20015B527 /* PhilosophersTests.swift in Sources */,
			);
			runOnlyForDeploymentPostprocessing = 0;
		};
/* End PBXSourcesBuildPhase section */

/* Begin PBXTargetDependency section */
		41FA557B2371E0D20015B527 /* PBXTargetDependency */ = {
			isa = PBXTargetDependency;
			target = 41FA55662371E0D00015B527 /* Philosophers */;
			targetProxy = 41FA557A2371E0D20015B527 /* PBXContainerItemProxy */;
		};
/* End PBXTargetDependency section */

/* Begin PBXVariantGroup section */
		41FA55702371E0D20015B527 /* Main.storyboard */ = {
			isa = PBXVariantGroup;
			children = (
				41FA55712371E0D20015B527 /* Base */,
			);
			name = Main.storyboard;
			sourceTree = "<group>";
		};
/* End PBXVariantGroup section */

/* Begin XCBuildConfiguration section */
		41FA55802371E0D20015B527 /* Debug */ = {
			isa = XCBuildConfiguration;
			buildSettings = {
				ALWAYS_SEARCH_USER_PATHS = NO;
				CLANG_ANALYZER_NONNULL = YES;
				CLANG_ANALYZER_NUMBER_OBJECT_CONVERSION = YES_AGGRESSIVE;
				CLANG_CXX_LANGUAGE_STANDARD = "gnu++14";
				CLANG_CXX_LIBRARY = "libc++";
				CLANG_ENABLE_MODULES = YES;
				CLANG_ENABLE_OBJC_ARC = YES;
				CLANG_ENABLE_OBJC_WEAK = YES;
				CLANG_WARN_BLOCK_CAPTURE_AUTORELEASING = YES;
				CLANG_WARN_BOOL_CONVERSION = YES;
				CLANG_WARN_COMMA = YES;
				CLANG_WARN_CONSTANT_CONVERSION = YES;
				CLANG_WARN_DEPRECATED_OBJC_IMPLEMENTATIONS = YES;
				CLANG_WARN_DIRECT_OBJC_ISA_USAGE = YES_ERROR;
				CLANG_WARN_DOCUMENTATION_COMMENTS = YES;
				CLANG_WARN_EMPTY_BODY = YES;
				CLANG_WARN_ENUM_CONVERSION = YES;
				CLANG_WARN_INFINITE_RECURSION = YES;
				CLANG_WARN_INT_CONVERSION = YES;
				CLANG_WARN_NON_LITERAL_NULL_CONVERSION = YES;
				CLANG_WARN_OBJC_IMPLICIT_RETAIN_SELF = YES;
				CLANG_WARN_OBJC_LITERAL_CONVERSION = YES;
				CLANG_WARN_OBJC_ROOT_CLASS = YES_ERROR;
				CLANG_WARN_RANGE_LOOP_ANALYSIS = YES;
				CLANG_WARN_STRICT_PROTOTYPES = YES;
				CLANG_WARN_SUSPICIOUS_MOVE = YES;
				CLANG_WARN_UNGUARDED_AVAILABILITY = YES_AGGRESSIVE;
				CLANG_WARN_UNREACHABLE_CODE = YES;
				CLANG_WARN__DUPLICATE_METHOD_MATCH = YES;
				CODE_SIGN_IDENTITY = "Mac Developer";
				COPY_PHASE_STRIP = NO;
				DEBUG_INFORMATION_FORMAT = dwarf;
				ENABLE_STRICT_OBJC_MSGSEND = YES;
				ENABLE_TESTABILITY = YES;
				GCC_C_LANGUAGE_STANDARD = gnu11;
				GCC_DYNAMIC_NO_PIC = NO;
				GCC_NO_COMMON_BLOCKS = YES;
				GCC_OPTIMIZATION_LEVEL = 0;
				GCC_PREPROCESSOR_DEFINITIONS = (
					"DEBUG=1",
					"$(inherited)",
				);
				GCC_WARN_64_TO_32_BIT_CONVERSION = YES;
				GCC_WARN_ABOUT_RETURN_TYPE = YES_ERROR;
				GCC_WARN_UNDECLARED_SELECTOR = YES;
				GCC_WARN_UNINITIALIZED_AUTOS = YES_AGGRESSIVE;
				GCC_WARN_UNUSED_FUNCTION = YES;
				GCC_WARN_UNUSED_VARIABLE = YES;
				MACOSX_DEPLOYMENT_TARGET = 10.13;
				MTL_ENABLE_DEBUG_INFO = INCLUDE_SOURCE;
				MTL_FAST_MATH = YES;
				ONLY_ACTIVE_ARCH = YES;
				SDKROOT = macosx;
				SWIFT_ACTIVE_COMPILATION_CONDITIONS = DEBUG;
				SWIFT_OPTIMIZATION_LEVEL = "-Onone";
			};
			name = Debug;
		};
		41FA55812371E0D20015B527 /* Release */ = {
			isa = XCBuildConfiguration;
			buildSettings = {
				ALWAYS_SEARCH_USER_PATHS = NO;
				CLANG_ANALYZER_NONNULL = YES;
				CLANG_ANALYZER_NUMBER_OBJECT_CONVERSION = YES_AGGRESSIVE;
				CLANG_CXX_LANGUAGE_STANDARD = "gnu++14";
				CLANG_CXX_LIBRARY = "libc++";
				CLANG_ENABLE_MODULES = YES;
				CLANG_ENABLE_OBJC_ARC = YES;
				CLANG_ENABLE_OBJC_WEAK = YES;
				CLANG_WARN_BLOCK_CAPTURE_AUTORELEASING = YES;
				CLANG_WARN_BOOL_CONVERSION = YES;
				CLANG_WARN_COMMA = YES;
				CLANG_WARN_CONSTANT_CONVERSION = YES;
				CLANG_WARN_DEPRECATED_OBJC_IMPLEMENTATIONS = YES;
				CLANG_WARN_DIRECT_OBJC_ISA_USAGE = YES_ERROR;
				CLANG_WARN_DOCUMENTATION_COMMENTS = YES;
				CLANG_WARN_EMPTY_BODY = YES;
				CLANG_WARN_ENUM_CONVERSION = YES;
				CLANG_WARN_INFINITE_RECURSION = YES;
				CLANG_WARN_INT_CONVERSION = YES;
				CLANG_WARN_NON_LITERAL_NULL_CONVERSION = YES;
				CLANG_WARN_OBJC_IMPLICIT_RETAIN_SELF = YES;
				CLANG_WARN_OBJC_LITERAL_CONVERSION = YES;
				CLANG_WARN_OBJC_ROOT_CLASS = YES_ERROR;
				CLANG_WARN_RANGE_LOOP_ANALYSIS = YES;
				CLANG_WARN_STRICT_PROTOTYPES = YES;
				CLANG_WARN_SUSPICIOUS_MOVE = YES;
				CLANG_WARN_UNGUARDED_AVAILABILITY = YES_AGGRESSIVE;
				CLANG_WARN_UNREACHABLE_CODE = YES;
				CLANG_WARN__DUPLICATE_METHOD_MATCH = YES;
				CODE_SIGN_IDENTITY = "Mac Developer";
				COPY_PHASE_STRIP = NO;
				DEBUG_INFORMATION_FORMAT = "dwarf-with-dsym";
				ENABLE_NS_ASSERTIONS = NO;
				ENABLE_STRICT_OBJC_MSGSEND = YES;
				GCC_C_LANGUAGE_STANDARD = gnu11;
				GCC_NO_COMMON_BLOCKS = YES;
				GCC_WARN_64_TO_32_BIT_CONVERSION = YES;
				GCC_WARN_ABOUT_RETURN_TYPE = YES_ERROR;
				GCC_WARN_UNDECLARED_SELECTOR = YES;
				GCC_WARN_UNINITIALIZED_AUTOS = YES_AGGRESSIVE;
				GCC_WARN_UNUSED_FUNCTION = YES;
				GCC_WARN_UNUSED_VARIABLE = YES;
				MACOSX_DEPLOYMENT_TARGET = 10.13;
				MTL_ENABLE_DEBUG_INFO = NO;
				MTL_FAST_MATH = YES;
				SDKROOT = macosx;
				SWIFT_COMPILATION_MODE = wholemodule;
				SWIFT_OPTIMIZATION_LEVEL = "-O";
			};
			name = Release;
		};
		41FA55832371E0D20015B527 /* Debug */ = {
			isa = XCBuildConfiguration;
			buildSettings = {
				ASSETCATALOG_COMPILER_APPICON_NAME = AppIcon;
				CODE_SIGN_ENTITLEMENTS = Philosophers/Philosophers.entitlements;
				CODE_SIGN_STYLE = Automatic;
				COMBINE_HIDPI_IMAGES = YES;
				DEVELOPMENT_TEAM = 5QAYV63C5M;
				INFOPLIST_FILE = Philosophers/Info.plist;
				LD_RUNPATH_SEARCH_PATHS = (
					"$(inherited)",
					"@executable_path/../Frameworks",
				);
				PRODUCT_BUNDLE_IDENTIFIER = mario.com.Philosophers;
				PRODUCT_NAME = "$(TARGET_NAME)";
				SWIFT_VERSION = 4.2;
			};
			name = Debug;
		};
		41FA55842371E0D20015B527 /* Release */ = {
			isa = XCBuildConfiguration;
			buildSettings = {
				ASSETCATALOG_COMPILER_APPICON_NAME = AppIcon;
				CODE_SIGN_ENTITLEMENTS = Philosophers/Philosophers.entitlements;
				CODE_SIGN_STYLE = Automatic;
				COMBINE_HIDPI_IMAGES = YES;
				DEVELOPMENT_TEAM = 5QAYV63C5M;
				INFOPLIST_FILE = Philosophers/Info.plist;
				LD_RUNPATH_SEARCH_PATHS = (
					"$(inherited)",
					"@executable_path/../Frameworks",
				);
				PRODUCT_BUNDLE_IDENTIFIER = mario.com.Philosophers;
				PRODUCT_NAME = "$(TARGET_NAME)";
				SWIFT_VERSION = 4.2;
			};
			name = Release;
		};
		41FA55862371E0D20015B527 /* Debug */ = {
			isa = XCBuildConfiguration;
			buildSettings = {
				ALWAYS_EMBED_SWIFT_STANDARD_LIBRARIES = YES;
				BUNDLE_LOADER = "$(TEST_HOST)";
				CODE_SIGN_STYLE = Automatic;
				COMBINE_HIDPI_IMAGES = YES;
				DEVELOPMENT_TEAM = 5QAYV63C5M;
				INFOPLIST_FILE = PhilosophersTests/Info.plist;
				LD_RUNPATH_SEARCH_PATHS = (
					"$(inherited)",
					"@executable_path/../Frameworks",
					"@loader_path/../Frameworks",
				);
				PRODUCT_BUNDLE_IDENTIFIER = mario.com.PhilosophersTests;
				PRODUCT_NAME = "$(TARGET_NAME)";
				SWIFT_VERSION = 4.2;
				TEST_HOST = "$(BUILT_PRODUCTS_DIR)/Philosophers.app/Contents/MacOS/Philosophers";
			};
			name = Debug;
		};
		41FA55872371E0D20015B527 /* Release */ = {
			isa = XCBuildConfiguration;
			buildSettings = {
				ALWAYS_EMBED_SWIFT_STANDARD_LIBRARIES = YES;
				BUNDLE_LOADER = "$(TEST_HOST)";
				CODE_SIGN_STYLE = Automatic;
				COMBINE_HIDPI_IMAGES = YES;
				DEVELOPMENT_TEAM = 5QAYV63C5M;
				INFOPLIST_FILE = PhilosophersTests/Info.plist;
				LD_RUNPATH_SEARCH_PATHS = (
					"$(inherited)",
					"@executable_path/../Frameworks",
					"@loader_path/../Frameworks",
				);
				PRODUCT_BUNDLE_IDENTIFIER = mario.com.PhilosophersTests;
				PRODUCT_NAME = "$(TARGET_NAME)";
				SWIFT_VERSION = 4.2;
				TEST_HOST = "$(BUILT_PRODUCTS_DIR)/Philosophers.app/Contents/MacOS/Philosophers";
			};
			name = Release;
		};
/* End XCBuildConfiguration section */

/* Begin XCConfigurationList section */
		41FA55622371E0D00015B527 /* Build configuration list for PBXProject "Philosophers" */ = {
			isa = XCConfigurationList;
			buildConfigurations = (
				41FA55802371E0D20015B527 /* Debug */,
				41FA55812371E0D20015B527 /* Release */,
			);
			defaultConfigurationIsVisible = 0;
			defaultConfigurationName = Release;
		};
		41FA55822371E0D20015B527 /* Build configuration list for PBXNativeTarget "Philosophers" */ = {
			isa = XCConfigurationList;
			buildConfigurations = (
				41FA55832371E0D20015B527 /* Debug */,
				41FA55842371E0D20015B527 /* Release */,
			);
			defaultConfigurationIsVisible = 0;
			defaultConfigurationName = Release;
		};
		41FA55852371E0D20015B527 /* Build configuration list for PBXNativeTarget "PhilosophersTests" */ = {
			isa = XCConfigurationList;
			buildConfigurations = (
				41FA55862371E0D20015B527 /* Debug */,
				41FA55872371E0D20015B527 /* Release */,
			);
			defaultConfigurationIsVisible = 0;
			defaultConfigurationName = Release;
		};
/* End XCConfigurationList section */
	};
	rootObject = 41FA555F2371E0D00015B527 /* Project object */;
}
